
Microsoft Visual Studio Solution File, Format Version 12.00
# Visual Studio 2012
Project("{2150E333-8FDC-42A3-9474-1A3956D46DE8}") = "src", "src", "{83703242-1A6E-46B9-AA53-B0168E5399CA}"
EndProject
Project("{FAE04EC0-301F-11D3-BF4B-00C04F79EFBC}") = "PDAShell.Main", "src\PDAShell.Main\PDAShell.Main.csproj", "{12B5C90D-706A-46C2-87FC-761CF6CF8D5A}"
EndProject
Global
	GlobalSection(SolutionConfigurationPlatforms) = preSolution
		Debug|Any CPU = Debug|Any CPU
		Release|Any CPU = Release|Any CPU
	EndGlobalSection
	GlobalSection(ProjectConfigurationPlatforms) = postSolution
		{12B5C90D-706A-46C2-87FC-761CF6CF8D5A}.Debug|Any CPU.ActiveCfg = Debug|Any CPU
		{12B5C90D-706A-46C2-87FC-761CF6CF8D5A}.Debug|Any CPU.Build.0 = Debug|Any CPU
		{12B5C90D-706A-46C2-87FC-761CF6CF8D5A}.Release|Any CPU.ActiveCfg = Release|Any CPU
		{12B5C90D-706A-46C2-87FC-761CF6CF8D5A}.Release|Any CPU.Build.0 = Release|Any CPU
	EndGlobalSection
	GlobalSection(SolutionProperties) = preSolution
		HideSolutionNode = FALSE
	EndGlobalSection
	GlobalSection(NestedProjects) = preSolution
		{12B5C90D-706A-46C2-87FC-761CF6CF8D5A} = {83703242-1A6E-46B9-AA53-B0168E5399CA}
	EndGlobalSection
EndGlobal
